
Microsoft Visual Studio Solution File, Format Version 12.00
# Visual Studio Version 17
VisualStudioVersion = 17.11.35312.102
MinimumVisualStudioVersion = 10.0.40219.1
Project("{FAE04EC0-301F-11D3-BF4B-00C04F79EFBC}") = "getBalancesAndDifference", "getBalancesAndDifference\getBalancesAndDifference.csproj", "{A42506E1-21BE-45CC-9320-EE7F23BF1665}"
EndProject
Global
	GlobalSection(SolutionConfigurationPlatforms) = preSolution
		Debug|Any CPU = Debug|Any CPU
		Release|Any CPU = Release|Any CPU
	EndGlobalSection
	GlobalSection(ProjectConfigurationPlatforms) = postSolution
		{A42506E1-21BE-45CC-9320-EE7F23BF1665}.Debug|Any CPU.ActiveCfg = Debug|Any CPU
		{A42506E1-21BE-45CC-9320-EE7F23BF1665}.Debug|Any CPU.Build.0 = Debug|Any CPU
		{A42506E1-21BE-45CC-9320-EE7F23BF1665}.Release|Any CPU.ActiveCfg = Release|Any CPU
		{A42506E1-21BE-45CC-9320-EE7F23BF1665}.Release|Any CPU.Build.0 = Release|Any CPU
	EndGlobalSection
	GlobalSection(SolutionProperties) = preSolution
		HideSolutionNode = FALSE
	EndGlobalSection
	GlobalSection(ExtensibilityGlobals) = postSolution
		SolutionGuid = {99B0EE23-AA42-4765-A6DF-5397C743FB9D}
	EndGlobalSection
EndGlobal
